<?xml version="1.0" encoding="utf-8"?>
<Project ToolsVersion="17.0" xmlns="http://schemas.microsoft.com/developer/msbuild/2003">
  <ItemGroup>
    <ClCompile Include="C:\Users\marti\Desktop\Skola\DP\Implementacia\Malakh\src\main.cpp">
      <Filter>Source Files</Filter>
    </ClCompile>
  </ItemGroup>
  <ItemGroup>
    <CustomBuild Include="C:\Users\marti\Desktop\Skola\DP\Implementacia\Malakh\CMakeLists.txt" />
  </ItemGroup>
  <ItemGroup>
    <Filter Include="Source Files">
      <UniqueIdentifier>{02115CEC-529E-333F-8B87-16A0A795BDDB}</UniqueIdentifier>
    </Filter>
  </ItemGroup>
</Project>
